{
  "object": {
    "pins": [
      {
        "package": "Suite",
        "repositoryURL": "https://github.com/bengottlieb/Suite.git",
        "state": {
          "branch": null,
          "revision": "2eec84722b4584267020df3b000ff7aecdd23015",
          "version": "1.0.33"
        }
      }
    ]
  },
  "version": 1
}
