{
  "object": {
    "pins": [
      {
        "package": "Suite",
        "repositoryURL": "https://github.com/bengottlieb/Suite.git",
        "state": {
          "branch": null,
          "revision": "541e5546514b4119571d2b7bed159f25ed9b4da2",
          "version": "1.0.4"
        }
      }
    ]
  },
  "version": 1
}
