// !$*UTF8*$!
{
	archiveVersion = 1;
	classes = {
	};
	objectVersion = 52;
	objects = {

/* Begin PBXBuildFile section */
		B5456B8A24A9F86400544C3F /* AppDelegate.swift in Sources */ = {isa = PBXBuildFile; fileRef = B5456B8924A9F86400544C3F /* AppDelegate.swift */; };
		B5456B8C24A9F86400544C3F /* SceneDelegate.swift in Sources */ = {isa = PBXBuildFile; fileRef = B5456B8B24A9F86400544C3F /* SceneDelegate.swift */; };
		B5456B8E24A9F86400544C3F /* ContentView.swift in Sources */ = {isa = PBXBuildFile; fileRef = B5456B8D24A9F86400544C3F /* ContentView.swift */; };
		B5456B9024A9F86600544C3F /* Assets.xcassets in Resources */ = {isa = PBXBuildFile; fileRef = B5456B8F24A9F86600544C3F /* Assets.xcassets */; };
		B5456B9324A9F86600544C3F /* Preview Assets.xcassets in Resources */ = {isa = PBXBuildFile; fileRef = B5456B9224A9F86600544C3F /* Preview Assets.xcassets */; };
		B5456B9624A9F86600544C3F /* LaunchScreen.storyboard in Resources */ = {isa = PBXBuildFile; fileRef = B5456B9424A9F86600544C3F /* LaunchScreen.storyboard */; };
		B5456BA724A9F8C200544C3F /* SwiftVG_iOS.h in Headers */ = {isa = PBXBuildFile; fileRef = B5456BA524A9F8C200544C3F /* SwiftVG_iOS.h */; settings = {ATTRIBUTES = (Public, ); }; };
		B5456BAA24A9F8C200544C3F /* SwiftVG.framework in Frameworks */ = {isa = PBXBuildFile; fileRef = B5456BA324A9F8C200544C3F /* SwiftVG.framework */; };
		B5456BAB24A9F8C200544C3F /* SwiftVG.framework in Embed Frameworks */ = {isa = PBXBuildFile; fileRef = B5456BA324A9F8C200544C3F /* SwiftVG.framework */; settings = {ATTRIBUTES = (CodeSignOnCopy, RemoveHeadersOnCopy, ); }; };
		B5456BFC24A9F96B00544C3F /* Suite in Frameworks */ = {isa = PBXBuildFile; productRef = B5456BFB24A9F96B00544C3F /* Suite */; };
		B5456C2424A9FA2100544C3F /* String+Path.swift in Sources */ = {isa = PBXBuildFile; fileRef = B5456C0024A9FA2100544C3F /* String+Path.swift */; };
		B5456C2524A9FA2100544C3F /* String+PathTokenizer.swift in Sources */ = {isa = PBXBuildFile; fileRef = B5456C0124A9FA2100544C3F /* String+PathTokenizer.swift */; };
		B5456C2624A9FA2100544C3F /* String+Extension.swift in Sources */ = {isa = PBXBuildFile; fileRef = B5456C0224A9FA2100544C3F /* String+Extension.swift */; };
		B5456C2724A9FA2100544C3F /* String+Transform.swift in Sources */ = {isa = PBXBuildFile; fileRef = B5456C0324A9FA2100544C3F /* String+Transform.swift */; };
		B5456C2824A9FA2100544C3F /* Color+Extension.swift in Sources */ = {isa = PBXBuildFile; fileRef = B5456C0424A9FA2100544C3F /* Color+Extension.swift */; };
		B5456C2924A9FA2100544C3F /* Font+Extension.swift in Sources */ = {isa = PBXBuildFile; fileRef = B5456C0524A9FA2100544C3F /* Font+Extension.swift */; };
		B5456C2A24A9FA2100544C3F /* Dictionary+Extension.swift in Sources */ = {isa = PBXBuildFile; fileRef = B5456C0624A9FA2100544C3F /* Dictionary+Extension.swift */; };
		B5456C2B24A9FA2100544C3F /* SVGImage+Image.swift in Sources */ = {isa = PBXBuildFile; fileRef = B5456C0824A9FA2100544C3F /* SVGImage+Image.swift */; };
		B5456C2C24A9FA2100544C3F /* CSSFragment.swift in Sources */ = {isa = PBXBuildFile; fileRef = B5456C0A24A9FA2100544C3F /* CSSFragment.swift */; };
		B5456C2D24A9FA2100544C3F /* CSSValue.swift in Sources */ = {isa = PBXBuildFile; fileRef = B5456C0B24A9FA2100544C3F /* CSSValue.swift */; };
		B5456C2E24A9FA2100544C3F /* SVGImage+Export.swift in Sources */ = {isa = PBXBuildFile; fileRef = B5456C0C24A9FA2100544C3F /* SVGImage+Export.swift */; };
		B5456C2F24A9FA2100544C3F /* SVGElement.Text.swift in Sources */ = {isa = PBXBuildFile; fileRef = B5456C0E24A9FA2100544C3F /* SVGElement.Text.swift */; };
		B5456C3024A9FA2100544C3F /* SVGElement.Ellipse.swift in Sources */ = {isa = PBXBuildFile; fileRef = B5456C0F24A9FA2100544C3F /* SVGElement.Ellipse.swift */; };
		B5456C3124A9FA2100544C3F /* SVGElement+Export.swift in Sources */ = {isa = PBXBuildFile; fileRef = B5456C1024A9FA2100544C3F /* SVGElement+Export.swift */; };
		B5456C3224A9FA2100544C3F /* SVGElement.Container.swift in Sources */ = {isa = PBXBuildFile; fileRef = B5456C1124A9FA2100544C3F /* SVGElement.Container.swift */; };
		B5456C3324A9FA2100544C3F /* SVGElement.Path.swift in Sources */ = {isa = PBXBuildFile; fileRef = B5456C1224A9FA2100544C3F /* SVGElement.Path.swift */; };
		B5456C3424A9FA2100544C3F /* SVGElement.Generic.swift in Sources */ = {isa = PBXBuildFile; fileRef = B5456C1324A9FA2100544C3F /* SVGElement.Generic.swift */; };
		B5456C3524A9FA2100544C3F /* SVGElement.Root.swift in Sources */ = {isa = PBXBuildFile; fileRef = B5456C1424A9FA2100544C3F /* SVGElement.Root.swift */; };
		B5456C3624A9FA2100544C3F /* SVGElement.swift in Sources */ = {isa = PBXBuildFile; fileRef = B5456C1524A9FA2100544C3F /* SVGElement.swift */; };
		B5456C3724A9FA2100544C3F /* SVGElement.Use.swift in Sources */ = {isa = PBXBuildFile; fileRef = B5456C1624A9FA2100544C3F /* SVGElement.Use.swift */; };
		B5456C3824A9FA2100544C3F /* SVGElement+SetsViewport.swift in Sources */ = {isa = PBXBuildFile; fileRef = B5456C1724A9FA2100544C3F /* SVGElement+SetsViewport.swift */; };
		B5456C3924A9FA2100544C3F /* SVGElement.Defs.swift in Sources */ = {isa = PBXBuildFile; fileRef = B5456C1824A9FA2100544C3F /* SVGElement.Defs.swift */; };
		B5456C3A24A9FA2100544C3F /* SVGElement+Attributes.swift in Sources */ = {isa = PBXBuildFile; fileRef = B5456C1924A9FA2100544C3F /* SVGElement+Attributes.swift */; };
		B5456C3B24A9FA2100544C3F /* SVGElement.Rect.swift in Sources */ = {isa = PBXBuildFile; fileRef = B5456C1A24A9FA2100544C3F /* SVGElement.Rect.swift */; };
		B5456C3C24A9FA2100544C3F /* SVGElement.Unknown.swift in Sources */ = {isa = PBXBuildFile; fileRef = B5456C1B24A9FA2100544C3F /* SVGElement.Unknown.swift */; };
		B5456C3D24A9FA2100544C3F /* SVGElement.Group.swift in Sources */ = {isa = PBXBuildFile; fileRef = B5456C1C24A9FA2100544C3F /* SVGElement.Group.swift */; };
		B5456C3E24A9FA2100544C3F /* SVGImage.swift in Sources */ = {isa = PBXBuildFile; fileRef = B5456C1D24A9FA2100544C3F /* SVGImage.swift */; };
		B5456C3F24A9FA2100544C3F /* SVGPlacement.swift in Sources */ = {isa = PBXBuildFile; fileRef = B5456C1E24A9FA2100544C3F /* SVGPlacement.swift */; };
		B5456C4024A9FA2100544C3F /* Image+SVGImage.swift in Sources */ = {isa = PBXBuildFile; fileRef = B5456C1F24A9FA2100544C3F /* Image+SVGImage.swift */; };
		B5456C4124A9FA2100544C3F /* SVGDocument.swift in Sources */ = {isa = PBXBuildFile; fileRef = B5456C2024A9FA2100544C3F /* SVGDocument.swift */; };
		B5456C4224A9FA2100544C3F /* SVGParser+XMLParserDelegate.swift in Sources */ = {isa = PBXBuildFile; fileRef = B5456C2224A9FA2100544C3F /* SVGParser+XMLParserDelegate.swift */; };
		B5456C4324A9FA2100544C3F /* SVGParser.swift in Sources */ = {isa = PBXBuildFile; fileRef = B5456C2324A9FA2100544C3F /* SVGParser.swift */; };
		B5456C5C24A9FD4900544C3F /* AppDelegate.swift in Sources */ = {isa = PBXBuildFile; fileRef = B5456C5B24A9FD4900544C3F /* AppDelegate.swift */; };
		B5456C5E24A9FD4900544C3F /* ContentView.swift in Sources */ = {isa = PBXBuildFile; fileRef = B5456C5D24A9FD4900544C3F /* ContentView.swift */; };
		B5456C6024A9FD4B00544C3F /* Assets.xcassets in Resources */ = {isa = PBXBuildFile; fileRef = B5456C5F24A9FD4B00544C3F /* Assets.xcassets */; };
		B5456C6324A9FD4B00544C3F /* Preview Assets.xcassets in Resources */ = {isa = PBXBuildFile; fileRef = B5456C6224A9FD4B00544C3F /* Preview Assets.xcassets */; };
		B5456C6624A9FD4B00544C3F /* Main.storyboard in Resources */ = {isa = PBXBuildFile; fileRef = B5456C6424A9FD4B00544C3F /* Main.storyboard */; };
		B5456C7D24A9FE1300544C3F /* SwiftVG_macOS.h in Headers */ = {isa = PBXBuildFile; fileRef = B5456C7B24A9FE1300544C3F /* SwiftVG_macOS.h */; settings = {ATTRIBUTES = (Public, ); }; };
		B5456C8024A9FE1300544C3F /* SwiftVG.framework in Frameworks */ = {isa = PBXBuildFile; fileRef = B5456C7924A9FE1300544C3F /* SwiftVG.framework */; };
		B5456C8124A9FE1300544C3F /* SwiftVG.framework in Embed Frameworks */ = {isa = PBXBuildFile; fileRef = B5456C7924A9FE1300544C3F /* SwiftVG.framework */; settings = {ATTRIBUTES = (CodeSignOnCopy, RemoveHeadersOnCopy, ); }; };
		B5456C8624A9FE6D00544C3F /* String+Path.swift in Sources */ = {isa = PBXBuildFile; fileRef = B5456C0024A9FA2100544C3F /* String+Path.swift */; };
		B5456C8724A9FE6D00544C3F /* String+PathTokenizer.swift in Sources */ = {isa = PBXBuildFile; fileRef = B5456C0124A9FA2100544C3F /* String+PathTokenizer.swift */; };
		B5456C8824A9FE6D00544C3F /* String+Extension.swift in Sources */ = {isa = PBXBuildFile; fileRef = B5456C0224A9FA2100544C3F /* String+Extension.swift */; };
		B5456C8924A9FE6D00544C3F /* String+Transform.swift in Sources */ = {isa = PBXBuildFile; fileRef = B5456C0324A9FA2100544C3F /* String+Transform.swift */; };
		B5456C8A24A9FE6D00544C3F /* Color+Extension.swift in Sources */ = {isa = PBXBuildFile; fileRef = B5456C0424A9FA2100544C3F /* Color+Extension.swift */; };
		B5456C8B24A9FE6D00544C3F /* Font+Extension.swift in Sources */ = {isa = PBXBuildFile; fileRef = B5456C0524A9FA2100544C3F /* Font+Extension.swift */; };
		B5456C8C24A9FE6D00544C3F /* Dictionary+Extension.swift in Sources */ = {isa = PBXBuildFile; fileRef = B5456C0624A9FA2100544C3F /* Dictionary+Extension.swift */; };
		B5456C8D24A9FE6D00544C3F /* SVGImage+Image.swift in Sources */ = {isa = PBXBuildFile; fileRef = B5456C0824A9FA2100544C3F /* SVGImage+Image.swift */; };
		B5456C8E24A9FE6D00544C3F /* CSSFragment.swift in Sources */ = {isa = PBXBuildFile; fileRef = B5456C0A24A9FA2100544C3F /* CSSFragment.swift */; };
		B5456C8F24A9FE6D00544C3F /* CSSValue.swift in Sources */ = {isa = PBXBuildFile; fileRef = B5456C0B24A9FA2100544C3F /* CSSValue.swift */; };
		B5456C9024A9FE6D00544C3F /* SVGImage+Export.swift in Sources */ = {isa = PBXBuildFile; fileRef = B5456C0C24A9FA2100544C3F /* SVGImage+Export.swift */; };
		B5456C9124A9FE6D00544C3F /* SVGElement.Text.swift in Sources */ = {isa = PBXBuildFile; fileRef = B5456C0E24A9FA2100544C3F /* SVGElement.Text.swift */; };
		B5456C9224A9FE6D00544C3F /* SVGElement.Ellipse.swift in Sources */ = {isa = PBXBuildFile; fileRef = B5456C0F24A9FA2100544C3F /* SVGElement.Ellipse.swift */; };
		B5456C9324A9FE6D00544C3F /* SVGElement+Export.swift in Sources */ = {isa = PBXBuildFile; fileRef = B5456C1024A9FA2100544C3F /* SVGElement+Export.swift */; };
		B5456C9424A9FE6D00544C3F /* SVGElement.Container.swift in Sources */ = {isa = PBXBuildFile; fileRef = B5456C1124A9FA2100544C3F /* SVGElement.Container.swift */; };
		B5456C9524A9FE6D00544C3F /* SVGElement.Path.swift in Sources */ = {isa = PBXBuildFile; fileRef = B5456C1224A9FA2100544C3F /* SVGElement.Path.swift */; };
		B5456C9624A9FE6D00544C3F /* SVGElement.Generic.swift in Sources */ = {isa = PBXBuildFile; fileRef = B5456C1324A9FA2100544C3F /* SVGElement.Generic.swift */; };
		B5456C9724A9FE6D00544C3F /* SVGElement.Root.swift in Sources */ = {isa = PBXBuildFile; fileRef = B5456C1424A9FA2100544C3F /* SVGElement.Root.swift */; };
		B5456C9824A9FE6D00544C3F /* SVGElement.swift in Sources */ = {isa = PBXBuildFile; fileRef = B5456C1524A9FA2100544C3F /* SVGElement.swift */; };
		B5456C9924A9FE6D00544C3F /* SVGElement.Use.swift in Sources */ = {isa = PBXBuildFile; fileRef = B5456C1624A9FA2100544C3F /* SVGElement.Use.swift */; };
		B5456C9A24A9FE6D00544C3F /* SVGElement+SetsViewport.swift in Sources */ = {isa = PBXBuildFile; fileRef = B5456C1724A9FA2100544C3F /* SVGElement+SetsViewport.swift */; };
		B5456C9B24A9FE6D00544C3F /* SVGElement.Defs.swift in Sources */ = {isa = PBXBuildFile; fileRef = B5456C1824A9FA2100544C3F /* SVGElement.Defs.swift */; };
		B5456C9C24A9FE6D00544C3F /* SVGElement+Attributes.swift in Sources */ = {isa = PBXBuildFile; fileRef = B5456C1924A9FA2100544C3F /* SVGElement+Attributes.swift */; };
		B5456C9D24A9FE6D00544C3F /* SVGElement.Rect.swift in Sources */ = {isa = PBXBuildFile; fileRef = B5456C1A24A9FA2100544C3F /* SVGElement.Rect.swift */; };
		B5456C9E24A9FE6D00544C3F /* SVGElement.Unknown.swift in Sources */ = {isa = PBXBuildFile; fileRef = B5456C1B24A9FA2100544C3F /* SVGElement.Unknown.swift */; };
		B5456C9F24A9FE6D00544C3F /* SVGElement.Group.swift in Sources */ = {isa = PBXBuildFile; fileRef = B5456C1C24A9FA2100544C3F /* SVGElement.Group.swift */; };
		B5456CA024A9FE6D00544C3F /* SVGImage.swift in Sources */ = {isa = PBXBuildFile; fileRef = B5456C1D24A9FA2100544C3F /* SVGImage.swift */; };
		B5456CA124A9FE6D00544C3F /* SVGPlacement.swift in Sources */ = {isa = PBXBuildFile; fileRef = B5456C1E24A9FA2100544C3F /* SVGPlacement.swift */; };
		B5456CA224A9FE6D00544C3F /* Image+SVGImage.swift in Sources */ = {isa = PBXBuildFile; fileRef = B5456C1F24A9FA2100544C3F /* Image+SVGImage.swift */; };
		B5456CA324A9FE6D00544C3F /* SVGDocument.swift in Sources */ = {isa = PBXBuildFile; fileRef = B5456C2024A9FA2100544C3F /* SVGDocument.swift */; };
		B5456CA424A9FE6D00544C3F /* SVGParser+XMLParserDelegate.swift in Sources */ = {isa = PBXBuildFile; fileRef = B5456C2224A9FA2100544C3F /* SVGParser+XMLParserDelegate.swift */; };
		B5456CA524A9FE6D00544C3F /* SVGParser.swift in Sources */ = {isa = PBXBuildFile; fileRef = B5456C2324A9FA2100544C3F /* SVGParser.swift */; };
		B5456CA724A9FE9600544C3F /* Suite in Frameworks */ = {isa = PBXBuildFile; productRef = B5456CA624A9FE9600544C3F /* Suite */; };
		B5A19F6324AA2269008B6896 /* Sample Images in Resources */ = {isa = PBXBuildFile; fileRef = B5A19F6224AA2269008B6896 /* Sample Images */; };
		B5A19F6424AA2269008B6896 /* Sample Images in Resources */ = {isa = PBXBuildFile; fileRef = B5A19F6224AA2269008B6896 /* Sample Images */; };
		B5A19F6624AA61D2008B6896 /* SVGWindowController.swift in Sources */ = {isa = PBXBuildFile; fileRef = B5A19F6524AA61D2008B6896 /* SVGWindowController.swift */; };
		B5A19F6A24AA6383008B6896 /* SVGWindowController.xib in Resources */ = {isa = PBXBuildFile; fileRef = B5A19F6824AA6383008B6896 /* SVGWindowController.xib */; };
		B5E2EFA724AAD1E100A1764A /* ImageListView.swift in Sources */ = {isa = PBXBuildFile; fileRef = B5E2EFA624AAD1E100A1764A /* ImageListView.swift */; };
		B5E2EFA824AAD1E400A1764A /* ImageListView.swift in Sources */ = {isa = PBXBuildFile; fileRef = B5E2EFA624AAD1E100A1764A /* ImageListView.swift */; };
		B5E2EFAB24AADB0500A1764A /* SVGContainer.swift in Sources */ = {isa = PBXBuildFile; fileRef = B5E2EFAA24AADB0500A1764A /* SVGContainer.swift */; };
		B5E2EFAC24AADB0500A1764A /* SVGContainer.swift in Sources */ = {isa = PBXBuildFile; fileRef = B5E2EFAA24AADB0500A1764A /* SVGContainer.swift */; };
		B5E2EFAE24AADE9000A1764A /* SVGTree.swift in Sources */ = {isa = PBXBuildFile; fileRef = B5E2EFAD24AADE9000A1764A /* SVGTree.swift */; };
/* End PBXBuildFile section */

/* Begin PBXContainerItemProxy section */
		B5456BA824A9F8C200544C3F /* PBXContainerItemProxy */ = {
			isa = PBXContainerItemProxy;
			containerPortal = B5456B7E24A9F86400544C3F /* Project object */;
			proxyType = 1;
			remoteGlobalIDString = B5456BA224A9F8C200544C3F;
			remoteInfo = SwiftVG_iOS;
		};
		B5456C7E24A9FE1300544C3F /* PBXContainerItemProxy */ = {
			isa = PBXContainerItemProxy;
			containerPortal = B5456B7E24A9F86400544C3F /* Project object */;
			proxyType = 1;
			remoteGlobalIDString = B5456C7824A9FE1300544C3F;
			remoteInfo = SwiftVG_macOS;
		};
/* End PBXContainerItemProxy section */

/* Begin PBXCopyFilesBuildPhase section */
		B5456BAF24A9F8C200544C3F /* Embed Frameworks */ = {
			isa = PBXCopyFilesBuildPhase;
			buildActionMask = 2147483647;
			dstPath = "";
			dstSubfolderSpec = 10;
			files = (
				B5456BAB24A9F8C200544C3F /* SwiftVG.framework in Embed Frameworks */,
			);
			name = "Embed Frameworks";
			runOnlyForDeploymentPostprocessing = 0;
		};
		B5456C8524A9FE1300544C3F /* Embed Frameworks */ = {
			isa = PBXCopyFilesBuildPhase;
			buildActionMask = 2147483647;
			dstPath = "";
			dstSubfolderSpec = 10;
			files = (
				B5456C8124A9FE1300544C3F /* SwiftVG.framework in Embed Frameworks */,
			);
			name = "Embed Frameworks";
			runOnlyForDeploymentPostprocessing = 0;
		};
/* End PBXCopyFilesBuildPhase section */

/* Begin PBXFileReference section */
		B5456B8624A9F86400544C3F /* SwiftVG_iOS_Harness.app */ = {isa = PBXFileReference; explicitFileType = wrapper.application; includeInIndex = 0; path = SwiftVG_iOS_Harness.app; sourceTree = BUILT_PRODUCTS_DIR; };
		B5456B8924A9F86400544C3F /* AppDelegate.swift */ = {isa = PBXFileReference; lastKnownFileType = sourcecode.swift; path = AppDelegate.swift; sourceTree = "<group>"; };
		B5456B8B24A9F86400544C3F /* SceneDelegate.swift */ = {isa = PBXFileReference; lastKnownFileType = sourcecode.swift; path = SceneDelegate.swift; sourceTree = "<group>"; };
		B5456B8D24A9F86400544C3F /* ContentView.swift */ = {isa = PBXFileReference; lastKnownFileType = sourcecode.swift; path = ContentView.swift; sourceTree = "<group>"; };
		B5456B8F24A9F86600544C3F /* Assets.xcassets */ = {isa = PBXFileReference; lastKnownFileType = folder.assetcatalog; path = Assets.xcassets; sourceTree = "<group>"; };
		B5456B9224A9F86600544C3F /* Preview Assets.xcassets */ = {isa = PBXFileReference; lastKnownFileType = folder.assetcatalog; path = "Preview Assets.xcassets"; sourceTree = "<group>"; };
		B5456B9524A9F86600544C3F /* Base */ = {isa = PBXFileReference; lastKnownFileType = file.storyboard; name = Base; path = Base.lproj/LaunchScreen.storyboard; sourceTree = "<group>"; };
		B5456B9724A9F86600544C3F /* Info.plist */ = {isa = PBXFileReference; lastKnownFileType = text.plist.xml; path = Info.plist; sourceTree = "<group>"; };
		B5456BA324A9F8C200544C3F /* SwiftVG.framework */ = {isa = PBXFileReference; explicitFileType = wrapper.framework; includeInIndex = 0; path = SwiftVG.framework; sourceTree = BUILT_PRODUCTS_DIR; };
		B5456BA524A9F8C200544C3F /* SwiftVG_iOS.h */ = {isa = PBXFileReference; lastKnownFileType = sourcecode.c.h; path = SwiftVG_iOS.h; sourceTree = "<group>"; };
		B5456BA624A9F8C200544C3F /* Info.plist */ = {isa = PBXFileReference; lastKnownFileType = text.plist.xml; path = Info.plist; sourceTree = "<group>"; };
		B5456C0024A9FA2100544C3F /* String+Path.swift */ = {isa = PBXFileReference; fileEncoding = 4; lastKnownFileType = sourcecode.swift; path = "String+Path.swift"; sourceTree = "<group>"; };
		B5456C0124A9FA2100544C3F /* String+PathTokenizer.swift */ = {isa = PBXFileReference; fileEncoding = 4; lastKnownFileType = sourcecode.swift; path = "String+PathTokenizer.swift"; sourceTree = "<group>"; };
		B5456C0224A9FA2100544C3F /* String+Extension.swift */ = {isa = PBXFileReference; fileEncoding = 4; lastKnownFileType = sourcecode.swift; path = "String+Extension.swift"; sourceTree = "<group>"; };
		B5456C0324A9FA2100544C3F /* String+Transform.swift */ = {isa = PBXFileReference; fileEncoding = 4; lastKnownFileType = sourcecode.swift; path = "String+Transform.swift"; sourceTree = "<group>"; };
		B5456C0424A9FA2100544C3F /* Color+Extension.swift */ = {isa = PBXFileReference; fileEncoding = 4; lastKnownFileType = sourcecode.swift; path = "Color+Extension.swift"; sourceTree = "<group>"; };
		B5456C0524A9FA2100544C3F /* Font+Extension.swift */ = {isa = PBXFileReference; fileEncoding = 4; lastKnownFileType = sourcecode.swift; path = "Font+Extension.swift"; sourceTree = "<group>"; };
		B5456C0624A9FA2100544C3F /* Dictionary+Extension.swift */ = {isa = PBXFileReference; fileEncoding = 4; lastKnownFileType = sourcecode.swift; path = "Dictionary+Extension.swift"; sourceTree = "<group>"; };
		B5456C0824A9FA2100544C3F /* SVGImage+Image.swift */ = {isa = PBXFileReference; fileEncoding = 4; lastKnownFileType = sourcecode.swift; path = "SVGImage+Image.swift"; sourceTree = "<group>"; };
		B5456C0A24A9FA2100544C3F /* CSSFragment.swift */ = {isa = PBXFileReference; fileEncoding = 4; lastKnownFileType = sourcecode.swift; path = CSSFragment.swift; sourceTree = "<group>"; };
		B5456C0B24A9FA2100544C3F /* CSSValue.swift */ = {isa = PBXFileReference; fileEncoding = 4; lastKnownFileType = sourcecode.swift; path = CSSValue.swift; sourceTree = "<group>"; };
		B5456C0C24A9FA2100544C3F /* SVGImage+Export.swift */ = {isa = PBXFileReference; fileEncoding = 4; lastKnownFileType = sourcecode.swift; path = "SVGImage+Export.swift"; sourceTree = "<group>"; };
		B5456C0E24A9FA2100544C3F /* SVGElement.Text.swift */ = {isa = PBXFileReference; fileEncoding = 4; lastKnownFileType = sourcecode.swift; path = SVGElement.Text.swift; sourceTree = "<group>"; };
		B5456C0F24A9FA2100544C3F /* SVGElement.Ellipse.swift */ = {isa = PBXFileReference; fileEncoding = 4; lastKnownFileType = sourcecode.swift; path = SVGElement.Ellipse.swift; sourceTree = "<group>"; };
		B5456C1024A9FA2100544C3F /* SVGElement+Export.swift */ = {isa = PBXFileReference; fileEncoding = 4; lastKnownFileType = sourcecode.swift; path = "SVGElement+Export.swift"; sourceTree = "<group>"; };
		B5456C1124A9FA2100544C3F /* SVGElement.Container.swift */ = {isa = PBXFileReference; fileEncoding = 4; lastKnownFileType = sourcecode.swift; path = SVGElement.Container.swift; sourceTree = "<group>"; };
		B5456C1224A9FA2100544C3F /* SVGElement.Path.swift */ = {isa = PBXFileReference; fileEncoding = 4; lastKnownFileType = sourcecode.swift; path = SVGElement.Path.swift; sourceTree = "<group>"; };
		B5456C1324A9FA2100544C3F /* SVGElement.Generic.swift */ = {isa = PBXFileReference; fileEncoding = 4; lastKnownFileType = sourcecode.swift; path = SVGElement.Generic.swift; sourceTree = "<group>"; };
		B5456C1424A9FA2100544C3F /* SVGElement.Root.swift */ = {isa = PBXFileReference; fileEncoding = 4; lastKnownFileType = sourcecode.swift; path = SVGElement.Root.swift; sourceTree = "<group>"; };
		B5456C1524A9FA2100544C3F /* SVGElement.swift */ = {isa = PBXFileReference; fileEncoding = 4; lastKnownFileType = sourcecode.swift; path = SVGElement.swift; sourceTree = "<group>"; };
		B5456C1624A9FA2100544C3F /* SVGElement.Use.swift */ = {isa = PBXFileReference; fileEncoding = 4; lastKnownFileType = sourcecode.swift; path = SVGElement.Use.swift; sourceTree = "<group>"; };
		B5456C1724A9FA2100544C3F /* SVGElement+SetsViewport.swift */ = {isa = PBXFileReference; fileEncoding = 4; lastKnownFileType = sourcecode.swift; path = "SVGElement+SetsViewport.swift"; sourceTree = "<group>"; };
		B5456C1824A9FA2100544C3F /* SVGElement.Defs.swift */ = {isa = PBXFileReference; fileEncoding = 4; lastKnownFileType = sourcecode.swift; path = SVGElement.Defs.swift; sourceTree = "<group>"; };
		B5456C1924A9FA2100544C3F /* SVGElement+Attributes.swift */ = {isa = PBXFileReference; fileEncoding = 4; lastKnownFileType = sourcecode.swift; path = "SVGElement+Attributes.swift"; sourceTree = "<group>"; };
		B5456C1A24A9FA2100544C3F /* SVGElement.Rect.swift */ = {isa = PBXFileReference; fileEncoding = 4; lastKnownFileType = sourcecode.swift; path = SVGElement.Rect.swift; sourceTree = "<group>"; };
		B5456C1B24A9FA2100544C3F /* SVGElement.Unknown.swift */ = {isa = PBXFileReference; fileEncoding = 4; lastKnownFileType = sourcecode.swift; path = SVGElement.Unknown.swift; sourceTree = "<group>"; };
		B5456C1C24A9FA2100544C3F /* SVGElement.Group.swift */ = {isa = PBXFileReference; fileEncoding = 4; lastKnownFileType = sourcecode.swift; path = SVGElement.Group.swift; sourceTree = "<group>"; };
		B5456C1D24A9FA2100544C3F /* SVGImage.swift */ = {isa = PBXFileReference; fileEncoding = 4; lastKnownFileType = sourcecode.swift; path = SVGImage.swift; sourceTree = "<group>"; };
		B5456C1E24A9FA2100544C3F /* SVGPlacement.swift */ = {isa = PBXFileReference; fileEncoding = 4; lastKnownFileType = sourcecode.swift; path = SVGPlacement.swift; sourceTree = "<group>"; };
		B5456C1F24A9FA2100544C3F /* Image+SVGImage.swift */ = {isa = PBXFileReference; fileEncoding = 4; lastKnownFileType = sourcecode.swift; path = "Image+SVGImage.swift"; sourceTree = "<group>"; };
		B5456C2024A9FA2100544C3F /* SVGDocument.swift */ = {isa = PBXFileReference; fileEncoding = 4; lastKnownFileType = sourcecode.swift; path = SVGDocument.swift; sourceTree = "<group>"; };
		B5456C2224A9FA2100544C3F /* SVGParser+XMLParserDelegate.swift */ = {isa = PBXFileReference; fileEncoding = 4; lastKnownFileType = sourcecode.swift; path = "SVGParser+XMLParserDelegate.swift"; sourceTree = "<group>"; };
		B5456C2324A9FA2100544C3F /* SVGParser.swift */ = {isa = PBXFileReference; fileEncoding = 4; lastKnownFileType = sourcecode.swift; path = SVGParser.swift; sourceTree = "<group>"; };
		B5456C5924A9FD4900544C3F /* SwiftVG_mac_Harness.app */ = {isa = PBXFileReference; explicitFileType = wrapper.application; includeInIndex = 0; path = SwiftVG_mac_Harness.app; sourceTree = BUILT_PRODUCTS_DIR; };
		B5456C5B24A9FD4900544C3F /* AppDelegate.swift */ = {isa = PBXFileReference; lastKnownFileType = sourcecode.swift; path = AppDelegate.swift; sourceTree = "<group>"; };
		B5456C5D24A9FD4900544C3F /* ContentView.swift */ = {isa = PBXFileReference; lastKnownFileType = sourcecode.swift; path = ContentView.swift; sourceTree = "<group>"; };
		B5456C5F24A9FD4B00544C3F /* Assets.xcassets */ = {isa = PBXFileReference; lastKnownFileType = folder.assetcatalog; path = Assets.xcassets; sourceTree = "<group>"; };
		B5456C6224A9FD4B00544C3F /* Preview Assets.xcassets */ = {isa = PBXFileReference; lastKnownFileType = folder.assetcatalog; path = "Preview Assets.xcassets"; sourceTree = "<group>"; };
		B5456C6524A9FD4B00544C3F /* Base */ = {isa = PBXFileReference; lastKnownFileType = file.storyboard; name = Base; path = Base.lproj/Main.storyboard; sourceTree = "<group>"; };
		B5456C6724A9FD4B00544C3F /* Info.plist */ = {isa = PBXFileReference; lastKnownFileType = text.plist.xml; path = Info.plist; sourceTree = "<group>"; };
		B5456C6824A9FD4B00544C3F /* SwiftVG_mac_Harness.entitlements */ = {isa = PBXFileReference; lastKnownFileType = text.plist.entitlements; path = SwiftVG_mac_Harness.entitlements; sourceTree = "<group>"; };
		B5456C7924A9FE1300544C3F /* SwiftVG.framework */ = {isa = PBXFileReference; explicitFileType = wrapper.framework; includeInIndex = 0; path = SwiftVG.framework; sourceTree = BUILT_PRODUCTS_DIR; };
		B5456C7B24A9FE1300544C3F /* SwiftVG_macOS.h */ = {isa = PBXFileReference; lastKnownFileType = sourcecode.c.h; path = SwiftVG_macOS.h; sourceTree = "<group>"; };
		B5456C7C24A9FE1300544C3F /* Info.plist */ = {isa = PBXFileReference; lastKnownFileType = text.plist.xml; path = Info.plist; sourceTree = "<group>"; };
		B5A19F6224AA2269008B6896 /* Sample Images */ = {isa = PBXFileReference; lastKnownFileType = folder; path = "Sample Images"; sourceTree = "<group>"; };
		B5A19F6524AA61D2008B6896 /* SVGWindowController.swift */ = {isa = PBXFileReference; lastKnownFileType = sourcecode.swift; path = SVGWindowController.swift; sourceTree = "<group>"; };
		B5A19F6824AA6383008B6896 /* SVGWindowController.xib */ = {isa = PBXFileReference; lastKnownFileType = file.xib; path = SVGWindowController.xib; sourceTree = "<group>"; };
		B5E2EFA624AAD1E100A1764A /* ImageListView.swift */ = {isa = PBXFileReference; lastKnownFileType = sourcecode.swift; path = ImageListView.swift; sourceTree = "<group>"; };
		B5E2EFA924AAD20B00A1764A /* Suite */ = {isa = PBXFileReference; lastKnownFileType = folder; name = Suite; path = ../Suite; sourceTree = "<group>"; };
		B5E2EFAA24AADB0500A1764A /* SVGContainer.swift */ = {isa = PBXFileReference; lastKnownFileType = sourcecode.swift; path = SVGContainer.swift; sourceTree = "<group>"; };
		B5E2EFAD24AADE9000A1764A /* SVGTree.swift */ = {isa = PBXFileReference; lastKnownFileType = sourcecode.swift; path = SVGTree.swift; sourceTree = "<group>"; };
/* End PBXFileReference section */

/* Begin PBXFrameworksBuildPhase section */
		B5456B8324A9F86400544C3F /* Frameworks */ = {
			isa = PBXFrameworksBuildPhase;
			buildActionMask = 2147483647;
			files = (
				B5456BAA24A9F8C200544C3F /* SwiftVG.framework in Frameworks */,
			);
			runOnlyForDeploymentPostprocessing = 0;
		};
		B5456BA024A9F8C200544C3F /* Frameworks */ = {
			isa = PBXFrameworksBuildPhase;
			buildActionMask = 2147483647;
			files = (
				B5456BFC24A9F96B00544C3F /* Suite in Frameworks */,
			);
			runOnlyForDeploymentPostprocessing = 0;
		};
		B5456C5624A9FD4900544C3F /* Frameworks */ = {
			isa = PBXFrameworksBuildPhase;
			buildActionMask = 2147483647;
			files = (
				B5456C8024A9FE1300544C3F /* SwiftVG.framework in Frameworks */,
			);
			runOnlyForDeploymentPostprocessing = 0;
		};
		B5456C7624A9FE1300544C3F /* Frameworks */ = {
			isa = PBXFrameworksBuildPhase;
			buildActionMask = 2147483647;
			files = (
				B5456CA724A9FE9600544C3F /* Suite in Frameworks */,
			);
			runOnlyForDeploymentPostprocessing = 0;
		};
/* End PBXFrameworksBuildPhase section */

/* Begin PBXGroup section */
		B5456B7D24A9F86400544C3F = {
			isa = PBXGroup;
			children = (
				B5E2EFA924AAD20B00A1764A /* Suite */,
				B5456BFD24A9FA2100544C3F /* Sources */,
				B5456B9D24A9F87E00544C3F /* Tests */,
				B5456B8724A9F86400544C3F /* Products */,
				B5456BFA24A9F96B00544C3F /* Frameworks */,
			);
			sourceTree = "<group>";
		};
		B5456B8724A9F86400544C3F /* Products */ = {
			isa = PBXGroup;
			children = (
				B5456B8624A9F86400544C3F /* SwiftVG_iOS_Harness.app */,
				B5456BA324A9F8C200544C3F /* SwiftVG.framework */,
				B5456C5924A9FD4900544C3F /* SwiftVG_mac_Harness.app */,
				B5456C7924A9FE1300544C3F /* SwiftVG.framework */,
			);
			name = Products;
			sourceTree = "<group>";
		};
		B5456B8824A9F86400544C3F /* iOS Harness */ = {
			isa = PBXGroup;
			children = (
				B5456BA424A9F8C200544C3F /* SwiftVG_iOS */,
				B5456B8924A9F86400544C3F /* AppDelegate.swift */,
				B5456B8B24A9F86400544C3F /* SceneDelegate.swift */,
				B5456B8D24A9F86400544C3F /* ContentView.swift */,
				B5E2EFAA24AADB0500A1764A /* SVGContainer.swift */,
				B5E2EFAD24AADE9000A1764A /* SVGTree.swift */,
				B5E2EFA624AAD1E100A1764A /* ImageListView.swift */,
				B5456B8F24A9F86600544C3F /* Assets.xcassets */,
				B5456B9424A9F86600544C3F /* LaunchScreen.storyboard */,
				B5456B9724A9F86600544C3F /* Info.plist */,
				B5456B9124A9F86600544C3F /* Preview Content */,
			);
			path = "iOS Harness";
			sourceTree = "<group>";
		};
		B5456B9124A9F86600544C3F /* Preview Content */ = {
			isa = PBXGroup;
			children = (
				B5456B9224A9F86600544C3F /* Preview Assets.xcassets */,
			);
			path = "Preview Content";
			sourceTree = "<group>";
		};
		B5456B9D24A9F87E00544C3F /* Tests */ = {
			isa = PBXGroup;
			children = (
				B5A19F6224AA2269008B6896 /* Sample Images */,
				B5456C5A24A9FD4900544C3F /* macOS Harness */,
				B5456B8824A9F86400544C3F /* iOS Harness */,
			);
			path = Tests;
			sourceTree = "<group>";
		};
		B5456BA424A9F8C200544C3F /* SwiftVG_iOS */ = {
			isa = PBXGroup;
			children = (
				B5456BA524A9F8C200544C3F /* SwiftVG_iOS.h */,
				B5456BA624A9F8C200544C3F /* Info.plist */,
			);
			path = SwiftVG_iOS;
			sourceTree = "<group>";
		};
		B5456BFA24A9F96B00544C3F /* Frameworks */ = {
			isa = PBXGroup;
			children = (
			);
			name = Frameworks;
			sourceTree = "<group>";
		};
		B5456BFD24A9FA2100544C3F /* Sources */ = {
			isa = PBXGroup;
			children = (
				B5456BFE24A9FA2100544C3F /* SwiftVG */,
			);
			path = Sources;
			sourceTree = "<group>";
		};
		B5456BFE24A9FA2100544C3F /* SwiftVG */ = {
			isa = PBXGroup;
			children = (
				B5456BFF24A9FA2100544C3F /* Extensions */,
				B5456C0724A9FA2100544C3F /* Model */,
				B5456C2124A9FA2100544C3F /* Parsing & Loading */,
			);
			path = SwiftVG;
			sourceTree = "<group>";
		};
		B5456BFF24A9FA2100544C3F /* Extensions */ = {
			isa = PBXGroup;
			children = (
				B5456C1F24A9FA2100544C3F /* Image+SVGImage.swift */,
				B5456C0024A9FA2100544C3F /* String+Path.swift */,
				B5456C0124A9FA2100544C3F /* String+PathTokenizer.swift */,
				B5456C0224A9FA2100544C3F /* String+Extension.swift */,
				B5456C0324A9FA2100544C3F /* String+Transform.swift */,
				B5456C0424A9FA2100544C3F /* Color+Extension.swift */,
				B5456C0524A9FA2100544C3F /* Font+Extension.swift */,
				B5456C0624A9FA2100544C3F /* Dictionary+Extension.swift */,
			);
			path = Extensions;
			sourceTree = "<group>";
		};
		B5456C0724A9FA2100544C3F /* Model */ = {
			isa = PBXGroup;
			children = (
				B5456C2024A9FA2100544C3F /* SVGDocument.swift */,
				B5456C0824A9FA2100544C3F /* SVGImage+Image.swift */,
				B5456C1024A9FA2100544C3F /* SVGElement+Export.swift */,
				B5456C0924A9FA2100544C3F /* CSS */,
				B5456C0D24A9FA2100544C3F /* Elements */,
				B5456C1D24A9FA2100544C3F /* SVGImage.swift */,
				B5456C0C24A9FA2100544C3F /* SVGImage+Export.swift */,
				B5456C1E24A9FA2100544C3F /* SVGPlacement.swift */,
			);
			path = Model;
			sourceTree = "<group>";
		};
		B5456C0924A9FA2100544C3F /* CSS */ = {
			isa = PBXGroup;
			children = (
				B5456C0A24A9FA2100544C3F /* CSSFragment.swift */,
				B5456C0B24A9FA2100544C3F /* CSSValue.swift */,
			);
			path = CSS;
			sourceTree = "<group>";
		};
		B5456C0D24A9FA2100544C3F /* Elements */ = {
			isa = PBXGroup;
			children = (
				B5456C0E24A9FA2100544C3F /* SVGElement.Text.swift */,
				B5456C0F24A9FA2100544C3F /* SVGElement.Ellipse.swift */,
				B5456C1124A9FA2100544C3F /* SVGElement.Container.swift */,
				B5456C1224A9FA2100544C3F /* SVGElement.Path.swift */,
				B5456C1324A9FA2100544C3F /* SVGElement.Generic.swift */,
				B5456C1424A9FA2100544C3F /* SVGElement.Root.swift */,
				B5456C1524A9FA2100544C3F /* SVGElement.swift */,
				B5456C1624A9FA2100544C3F /* SVGElement.Use.swift */,
				B5456C1724A9FA2100544C3F /* SVGElement+SetsViewport.swift */,
				B5456C1824A9FA2100544C3F /* SVGElement.Defs.swift */,
				B5456C1924A9FA2100544C3F /* SVGElement+Attributes.swift */,
				B5456C1A24A9FA2100544C3F /* SVGElement.Rect.swift */,
				B5456C1B24A9FA2100544C3F /* SVGElement.Unknown.swift */,
				B5456C1C24A9FA2100544C3F /* SVGElement.Group.swift */,
			);
			path = Elements;
			sourceTree = "<group>";
		};
		B5456C2124A9FA2100544C3F /* Parsing & Loading */ = {
			isa = PBXGroup;
			children = (
				B5456C2224A9FA2100544C3F /* SVGParser+XMLParserDelegate.swift */,
				B5456C2324A9FA2100544C3F /* SVGParser.swift */,
			);
			path = "Parsing & Loading";
			sourceTree = "<group>";
		};
		B5456C5A24A9FD4900544C3F /* macOS Harness */ = {
			isa = PBXGroup;
			children = (
				B5456C7A24A9FE1300544C3F /* SwiftVG_macOS */,
				B5456C5B24A9FD4900544C3F /* AppDelegate.swift */,
				B5456C5D24A9FD4900544C3F /* ContentView.swift */,
				B5A19F6524AA61D2008B6896 /* SVGWindowController.swift */,
				B5A19F6824AA6383008B6896 /* SVGWindowController.xib */,
				B5456C5F24A9FD4B00544C3F /* Assets.xcassets */,
				B5456C6424A9FD4B00544C3F /* Main.storyboard */,
				B5456C6724A9FD4B00544C3F /* Info.plist */,
				B5456C6824A9FD4B00544C3F /* SwiftVG_mac_Harness.entitlements */,
				B5456C6124A9FD4B00544C3F /* Preview Content */,
			);
			path = "macOS Harness";
			sourceTree = "<group>";
		};
		B5456C6124A9FD4B00544C3F /* Preview Content */ = {
			isa = PBXGroup;
			children = (
				B5456C6224A9FD4B00544C3F /* Preview Assets.xcassets */,
			);
			path = "Preview Content";
			sourceTree = "<group>";
		};
		B5456C7A24A9FE1300544C3F /* SwiftVG_macOS */ = {
			isa = PBXGroup;
			children = (
				B5456C7B24A9FE1300544C3F /* SwiftVG_macOS.h */,
				B5456C7C24A9FE1300544C3F /* Info.plist */,
			);
			path = SwiftVG_macOS;
			sourceTree = "<group>";
		};
/* End PBXGroup section */

/* Begin PBXHeadersBuildPhase section */
		B5456B9E24A9F8C200544C3F /* Headers */ = {
			isa = PBXHeadersBuildPhase;
			buildActionMask = 2147483647;
			files = (
				B5456BA724A9F8C200544C3F /* SwiftVG_iOS.h in Headers */,
			);
			runOnlyForDeploymentPostprocessing = 0;
		};
		B5456C7424A9FE1300544C3F /* Headers */ = {
			isa = PBXHeadersBuildPhase;
			buildActionMask = 2147483647;
			files = (
				B5456C7D24A9FE1300544C3F /* SwiftVG_macOS.h in Headers */,
			);
			runOnlyForDeploymentPostprocessing = 0;
		};
/* End PBXHeadersBuildPhase section */

/* Begin PBXNativeTarget section */
		B5456B8524A9F86400544C3F /* SwiftVG_iOS_Harness */ = {
			isa = PBXNativeTarget;
			buildConfigurationList = B5456B9A24A9F86600544C3F /* Build configuration list for PBXNativeTarget "SwiftVG_iOS_Harness" */;
			buildPhases = (
				B5456B8224A9F86400544C3F /* Sources */,
				B5456B8324A9F86400544C3F /* Frameworks */,
				B5456B8424A9F86400544C3F /* Resources */,
				B5456BAF24A9F8C200544C3F /* Embed Frameworks */,
			);
			buildRules = (
			);
			dependencies = (
				B5456BA924A9F8C200544C3F /* PBXTargetDependency */,
			);
			name = SwiftVG_iOS_Harness;
			packageProductDependencies = (
			);
			productName = SwiftVG;
			productReference = B5456B8624A9F86400544C3F /* SwiftVG_iOS_Harness.app */;
			productType = "com.apple.product-type.application";
		};
		B5456BA224A9F8C200544C3F /* SwiftVG_iOS */ = {
			isa = PBXNativeTarget;
			buildConfigurationList = B5456BAC24A9F8C200544C3F /* Build configuration list for PBXNativeTarget "SwiftVG_iOS" */;
			buildPhases = (
				B5456B9E24A9F8C200544C3F /* Headers */,
				B5456B9F24A9F8C200544C3F /* Sources */,
				B5456BA024A9F8C200544C3F /* Frameworks */,
				B5456BA124A9F8C200544C3F /* Resources */,
			);
			buildRules = (
			);
			dependencies = (
			);
			name = SwiftVG_iOS;
			packageProductDependencies = (
				B5456BFB24A9F96B00544C3F /* Suite */,
			);
			productName = SwiftVG_iOS;
			productReference = B5456BA324A9F8C200544C3F /* SwiftVG.framework */;
			productType = "com.apple.product-type.framework";
		};
		B5456C5824A9FD4900544C3F /* SwiftVG_mac_Harness */ = {
			isa = PBXNativeTarget;
			buildConfigurationList = B5456C6924A9FD4B00544C3F /* Build configuration list for PBXNativeTarget "SwiftVG_mac_Harness" */;
			buildPhases = (
				B5456C5524A9FD4900544C3F /* Sources */,
				B5456C5624A9FD4900544C3F /* Frameworks */,
				B5456C5724A9FD4900544C3F /* Resources */,
				B5456C8524A9FE1300544C3F /* Embed Frameworks */,
			);
			buildRules = (
			);
			dependencies = (
				B5456C7F24A9FE1300544C3F /* PBXTargetDependency */,
			);
			name = SwiftVG_mac_Harness;
			productName = SwiftVG_mac_Harness;
			productReference = B5456C5924A9FD4900544C3F /* SwiftVG_mac_Harness.app */;
			productType = "com.apple.product-type.application";
		};
		B5456C7824A9FE1300544C3F /* SwiftVG_macOS */ = {
			isa = PBXNativeTarget;
			buildConfigurationList = B5456C8224A9FE1300544C3F /* Build configuration list for PBXNativeTarget "SwiftVG_macOS" */;
			buildPhases = (
				B5456C7424A9FE1300544C3F /* Headers */,
				B5456C7524A9FE1300544C3F /* Sources */,
				B5456C7624A9FE1300544C3F /* Frameworks */,
				B5456C7724A9FE1300544C3F /* Resources */,
			);
			buildRules = (
			);
			dependencies = (
			);
			name = SwiftVG_macOS;
			packageProductDependencies = (
				B5456CA624A9FE9600544C3F /* Suite */,
			);
			productName = SwiftVG_macOS;
			productReference = B5456C7924A9FE1300544C3F /* SwiftVG.framework */;
			productType = "com.apple.product-type.framework";
		};
/* End PBXNativeTarget section */

/* Begin PBXProject section */
		B5456B7E24A9F86400544C3F /* Project object */ = {
			isa = PBXProject;
			attributes = {
				LastSwiftUpdateCheck = 1150;
				LastUpgradeCheck = 1150;
				ORGANIZATIONNAME = "Stand Alone, Inc.";
				TargetAttributes = {
					B5456B8524A9F86400544C3F = {
						CreatedOnToolsVersion = 11.5;
					};
					B5456BA224A9F8C200544C3F = {
						CreatedOnToolsVersion = 11.5;
					};
					B5456C5824A9FD4900544C3F = {
						CreatedOnToolsVersion = 11.5;
					};
					B5456C7824A9FE1300544C3F = {
						CreatedOnToolsVersion = 11.5;
					};
				};
			};
			buildConfigurationList = B5456B8124A9F86400544C3F /* Build configuration list for PBXProject "SwiftVG" */;
			compatibilityVersion = "Xcode 9.3";
			developmentRegion = en;
			hasScannedForEncodings = 0;
			knownRegions = (
				en,
				Base,
			);
			mainGroup = B5456B7D24A9F86400544C3F;
			packageReferences = (
				B5456BF724A9F93F00544C3F /* XCRemoteSwiftPackageReference "Suite" */,
			);
			productRefGroup = B5456B8724A9F86400544C3F /* Products */;
			projectDirPath = "";
			projectRoot = "";
			targets = (
				B5456B8524A9F86400544C3F /* SwiftVG_iOS_Harness */,
				B5456BA224A9F8C200544C3F /* SwiftVG_iOS */,
				B5456C5824A9FD4900544C3F /* SwiftVG_mac_Harness */,
				B5456C7824A9FE1300544C3F /* SwiftVG_macOS */,
			);
		};
/* End PBXProject section */

/* Begin PBXResourcesBuildPhase section */
		B5456B8424A9F86400544C3F /* Resources */ = {
			isa = PBXResourcesBuildPhase;
			buildActionMask = 2147483647;
			files = (
				B5456B9624A9F86600544C3F /* LaunchScreen.storyboard in Resources */,
				B5A19F6324AA2269008B6896 /* Sample Images in Resources */,
				B5456B9324A9F86600544C3F /* Preview Assets.xcassets in Resources */,
				B5456B9024A9F86600544C3F /* Assets.xcassets in Resources */,
			);
			runOnlyForDeploymentPostprocessing = 0;
		};
		B5456BA124A9F8C200544C3F /* Resources */ = {
			isa = PBXResourcesBuildPhase;
			buildActionMask = 2147483647;
			files = (
			);
			runOnlyForDeploymentPostprocessing = 0;
		};
		B5456C5724A9FD4900544C3F /* Resources */ = {
			isa = PBXResourcesBuildPhase;
			buildActionMask = 2147483647;
			files = (
				B5456C6624A9FD4B00544C3F /* Main.storyboard in Resources */,
				B5A19F6424AA2269008B6896 /* Sample Images in Resources */,
				B5A19F6A24AA6383008B6896 /* SVGWindowController.xib in Resources */,
				B5456C6324A9FD4B00544C3F /* Preview Assets.xcassets in Resources */,
				B5456C6024A9FD4B00544C3F /* Assets.xcassets in Resources */,
			);
			runOnlyForDeploymentPostprocessing = 0;
		};
		B5456C7724A9FE1300544C3F /* Resources */ = {
			isa = PBXResourcesBuildPhase;
			buildActionMask = 2147483647;
			files = (
			);
			runOnlyForDeploymentPostprocessing = 0;
		};
/* End PBXResourcesBuildPhase section */

/* Begin PBXSourcesBuildPhase section */
		B5456B8224A9F86400544C3F /* Sources */ = {
			isa = PBXSourcesBuildPhase;
			buildActionMask = 2147483647;
			files = (
				B5E2EFA724AAD1E100A1764A /* ImageListView.swift in Sources */,
				B5E2EFAB24AADB0500A1764A /* SVGContainer.swift in Sources */,
				B5456B8A24A9F86400544C3F /* AppDelegate.swift in Sources */,
				B5456B8C24A9F86400544C3F /* SceneDelegate.swift in Sources */,
				B5E2EFAE24AADE9000A1764A /* SVGTree.swift in Sources */,
				B5456B8E24A9F86400544C3F /* ContentView.swift in Sources */,
			);
			runOnlyForDeploymentPostprocessing = 0;
		};
		B5456B9F24A9F8C200544C3F /* Sources */ = {
			isa = PBXSourcesBuildPhase;
			buildActionMask = 2147483647;
			files = (
				B5456C2B24A9FA2100544C3F /* SVGImage+Image.swift in Sources */,
				B5456C2F24A9FA2100544C3F /* SVGElement.Text.swift in Sources */,
				B5456C2424A9FA2100544C3F /* String+Path.swift in Sources */,
				B5456C2A24A9FA2100544C3F /* Dictionary+Extension.swift in Sources */,
				B5456C3524A9FA2100544C3F /* SVGElement.Root.swift in Sources */,
				B5456C2824A9FA2100544C3F /* Color+Extension.swift in Sources */,
				B5456C3924A9FA2100544C3F /* SVGElement.Defs.swift in Sources */,
				B5456C4324A9FA2100544C3F /* SVGParser.swift in Sources */,
				B5456C3C24A9FA2100544C3F /* SVGElement.Unknown.swift in Sources */,
				B5456C3324A9FA2100544C3F /* SVGElement.Path.swift in Sources */,
				B5456C3A24A9FA2100544C3F /* SVGElement+Attributes.swift in Sources */,
				B5456C2C24A9FA2100544C3F /* CSSFragment.swift in Sources */,
				B5456C2924A9FA2100544C3F /* Font+Extension.swift in Sources */,
				B5456C2624A9FA2100544C3F /* String+Extension.swift in Sources */,
				B5456C2D24A9FA2100544C3F /* CSSValue.swift in Sources */,
				B5456C3124A9FA2100544C3F /* SVGElement+Export.swift in Sources */,
				B5456C3B24A9FA2100544C3F /* SVGElement.Rect.swift in Sources */,
				B5456C2E24A9FA2100544C3F /* SVGImage+Export.swift in Sources */,
				B5456C3624A9FA2100544C3F /* SVGElement.swift in Sources */,
				B5456C3F24A9FA2100544C3F /* SVGPlacement.swift in Sources */,
				B5456C2524A9FA2100544C3F /* String+PathTokenizer.swift in Sources */,
				B5456C3424A9FA2100544C3F /* SVGElement.Generic.swift in Sources */,
				B5456C4124A9FA2100544C3F /* SVGDocument.swift in Sources */,
				B5456C3824A9FA2100544C3F /* SVGElement+SetsViewport.swift in Sources */,
				B5456C3724A9FA2100544C3F /* SVGElement.Use.swift in Sources */,
				B5456C3224A9FA2100544C3F /* SVGElement.Container.swift in Sources */,
				B5456C3024A9FA2100544C3F /* SVGElement.Ellipse.swift in Sources */,
				B5456C4024A9FA2100544C3F /* Image+SVGImage.swift in Sources */,
				B5456C3D24A9FA2100544C3F /* SVGElement.Group.swift in Sources */,
				B5456C3E24A9FA2100544C3F /* SVGImage.swift in Sources */,
				B5456C2724A9FA2100544C3F /* String+Transform.swift in Sources */,
				B5456C4224A9FA2100544C3F /* SVGParser+XMLParserDelegate.swift in Sources */,
			);
			runOnlyForDeploymentPostprocessing = 0;
		};
		B5456C5524A9FD4900544C3F /* Sources */ = {
			isa = PBXSourcesBuildPhase;
			buildActionMask = 2147483647;
			files = (
				B5E2EFA824AAD1E400A1764A /* ImageListView.swift in Sources */,
				B5E2EFAC24AADB0500A1764A /* SVGContainer.swift in Sources */,
				B5A19F6624AA61D2008B6896 /* SVGWindowController.swift in Sources */,
				B5456C5E24A9FD4900544C3F /* ContentView.swift in Sources */,
				B5456C5C24A9FD4900544C3F /* AppDelegate.swift in Sources */,
			);
			runOnlyForDeploymentPostprocessing = 0;
		};
		B5456C7524A9FE1300544C3F /* Sources */ = {
			isa = PBXSourcesBuildPhase;
			buildActionMask = 2147483647;
			files = (
				B5456C8D24A9FE6D00544C3F /* SVGImage+Image.swift in Sources */,
				B5456C9124A9FE6D00544C3F /* SVGElement.Text.swift in Sources */,
				B5456C8624A9FE6D00544C3F /* String+Path.swift in Sources */,
				B5456C8C24A9FE6D00544C3F /* Dictionary+Extension.swift in Sources */,
				B5456C9724A9FE6D00544C3F /* SVGElement.Root.swift in Sources */,
				B5456C8A24A9FE6D00544C3F /* Color+Extension.swift in Sources */,
				B5456C9B24A9FE6D00544C3F /* SVGElement.Defs.swift in Sources */,
				B5456CA524A9FE6D00544C3F /* SVGParser.swift in Sources */,
				B5456C9E24A9FE6D00544C3F /* SVGElement.Unknown.swift in Sources */,
				B5456C9524A9FE6D00544C3F /* SVGElement.Path.swift in Sources */,
				B5456C9C24A9FE6D00544C3F /* SVGElement+Attributes.swift in Sources */,
				B5456C8E24A9FE6D00544C3F /* CSSFragment.swift in Sources */,
				B5456C8B24A9FE6D00544C3F /* Font+Extension.swift in Sources */,
				B5456C8824A9FE6D00544C3F /* String+Extension.swift in Sources */,
				B5456C8F24A9FE6D00544C3F /* CSSValue.swift in Sources */,
				B5456C9324A9FE6D00544C3F /* SVGElement+Export.swift in Sources */,
				B5456C9D24A9FE6D00544C3F /* SVGElement.Rect.swift in Sources */,
				B5456C9024A9FE6D00544C3F /* SVGImage+Export.swift in Sources */,
				B5456C9824A9FE6D00544C3F /* SVGElement.swift in Sources */,
				B5456CA124A9FE6D00544C3F /* SVGPlacement.swift in Sources */,
				B5456C8724A9FE6D00544C3F /* String+PathTokenizer.swift in Sources */,
				B5456C9624A9FE6D00544C3F /* SVGElement.Generic.swift in Sources */,
				B5456CA324A9FE6D00544C3F /* SVGDocument.swift in Sources */,
				B5456C9A24A9FE6D00544C3F /* SVGElement+SetsViewport.swift in Sources */,
				B5456C9924A9FE6D00544C3F /* SVGElement.Use.swift in Sources */,
				B5456C9424A9FE6D00544C3F /* SVGElement.Container.swift in Sources */,
				B5456C9224A9FE6D00544C3F /* SVGElement.Ellipse.swift in Sources */,
				B5456CA224A9FE6D00544C3F /* Image+SVGImage.swift in Sources */,
				B5456C9F24A9FE6D00544C3F /* SVGElement.Group.swift in Sources */,
				B5456CA024A9FE6D00544C3F /* SVGImage.swift in Sources */,
				B5456C8924A9FE6D00544C3F /* String+Transform.swift in Sources */,
				B5456CA424A9FE6D00544C3F /* SVGParser+XMLParserDelegate.swift in Sources */,
			);
			runOnlyForDeploymentPostprocessing = 0;
		};
/* End PBXSourcesBuildPhase section */

/* Begin PBXTargetDependency section */
		B5456BA924A9F8C200544C3F /* PBXTargetDependency */ = {
			isa = PBXTargetDependency;
			target = B5456BA224A9F8C200544C3F /* SwiftVG_iOS */;
			targetProxy = B5456BA824A9F8C200544C3F /* PBXContainerItemProxy */;
		};
		B5456C7F24A9FE1300544C3F /* PBXTargetDependency */ = {
			isa = PBXTargetDependency;
			target = B5456C7824A9FE1300544C3F /* SwiftVG_macOS */;
			targetProxy = B5456C7E24A9FE1300544C3F /* PBXContainerItemProxy */;
		};
/* End PBXTargetDependency section */

/* Begin PBXVariantGroup section */
		B5456B9424A9F86600544C3F /* LaunchScreen.storyboard */ = {
			isa = PBXVariantGroup;
			children = (
				B5456B9524A9F86600544C3F /* Base */,
			);
			name = LaunchScreen.storyboard;
			sourceTree = "<group>";
		};
		B5456C6424A9FD4B00544C3F /* Main.storyboard */ = {
			isa = PBXVariantGroup;
			children = (
				B5456C6524A9FD4B00544C3F /* Base */,
			);
			name = Main.storyboard;
			sourceTree = "<group>";
		};
/* End PBXVariantGroup section */

/* Begin XCBuildConfiguration section */
		B5456B9824A9F86600544C3F /* Debug */ = {
			isa = XCBuildConfiguration;
			buildSettings = {
				ALWAYS_SEARCH_USER_PATHS = NO;
				CLANG_ANALYZER_NONNULL = YES;
				CLANG_ANALYZER_NUMBER_OBJECT_CONVERSION = YES_AGGRESSIVE;
				CLANG_CXX_LANGUAGE_STANDARD = "gnu++14";
				CLANG_CXX_LIBRARY = "libc++";
				CLANG_ENABLE_MODULES = YES;
				CLANG_ENABLE_OBJC_ARC = YES;
				CLANG_ENABLE_OBJC_WEAK = YES;
				CLANG_WARN_BLOCK_CAPTURE_AUTORELEASING = YES;
				CLANG_WARN_BOOL_CONVERSION = YES;
				CLANG_WARN_COMMA = YES;
				CLANG_WARN_CONSTANT_CONVERSION = YES;
				CLANG_WARN_DEPRECATED_OBJC_IMPLEMENTATIONS = YES;
				CLANG_WARN_DIRECT_OBJC_ISA_USAGE = YES_ERROR;
				CLANG_WARN_DOCUMENTATION_COMMENTS = YES;
				CLANG_WARN_EMPTY_BODY = YES;
				CLANG_WARN_ENUM_CONVERSION = YES;
				CLANG_WARN_INFINITE_RECURSION = YES;
				CLANG_WARN_INT_CONVERSION = YES;
				CLANG_WARN_NON_LITERAL_NULL_CONVERSION = YES;
				CLANG_WARN_OBJC_IMPLICIT_RETAIN_SELF = YES;
				CLANG_WARN_OBJC_LITERAL_CONVERSION = YES;
				CLANG_WARN_OBJC_ROOT_CLASS = YES_ERROR;
				CLANG_WARN_RANGE_LOOP_ANALYSIS = YES;
				CLANG_WARN_STRICT_PROTOTYPES = YES;
				CLANG_WARN_SUSPICIOUS_MOVE = YES;
				CLANG_WARN_UNGUARDED_AVAILABILITY = YES_AGGRESSIVE;
				CLANG_WARN_UNREACHABLE_CODE = YES;
				CLANG_WARN__DUPLICATE_METHOD_MATCH = YES;
				COPY_PHASE_STRIP = NO;
				DEBUG_INFORMATION_FORMAT = dwarf;
				ENABLE_STRICT_OBJC_MSGSEND = YES;
				ENABLE_TESTABILITY = YES;
				GCC_C_LANGUAGE_STANDARD = gnu11;
				GCC_DYNAMIC_NO_PIC = NO;
				GCC_NO_COMMON_BLOCKS = YES;
				GCC_OPTIMIZATION_LEVEL = 0;
				GCC_PREPROCESSOR_DEFINITIONS = (
					"DEBUG=1",
					"$(inherited)",
				);
				GCC_WARN_64_TO_32_BIT_CONVERSION = YES;
				GCC_WARN_ABOUT_RETURN_TYPE = YES_ERROR;
				GCC_WARN_UNDECLARED_SELECTOR = YES;
				GCC_WARN_UNINITIALIZED_AUTOS = YES_AGGRESSIVE;
				GCC_WARN_UNUSED_FUNCTION = YES;
				GCC_WARN_UNUSED_VARIABLE = YES;
				IPHONEOS_DEPLOYMENT_TARGET = 13.5;
				MTL_ENABLE_DEBUG_INFO = INCLUDE_SOURCE;
				MTL_FAST_MATH = YES;
				ONLY_ACTIVE_ARCH = YES;
				SDKROOT = iphoneos;
				SWIFT_ACTIVE_COMPILATION_CONDITIONS = DEBUG;
				SWIFT_OPTIMIZATION_LEVEL = "-Onone";
			};
			name = Debug;
		};
		B5456B9924A9F86600544C3F /* Release */ = {
			isa = XCBuildConfiguration;
			buildSettings = {
				ALWAYS_SEARCH_USER_PATHS = NO;
				CLANG_ANALYZER_NONNULL = YES;
				CLANG_ANALYZER_NUMBER_OBJECT_CONVERSION = YES_AGGRESSIVE;
				CLANG_CXX_LANGUAGE_STANDARD = "gnu++14";
				CLANG_CXX_LIBRARY = "libc++";
				CLANG_ENABLE_MODULES = YES;
				CLANG_ENABLE_OBJC_ARC = YES;
				CLANG_ENABLE_OBJC_WEAK = YES;
				CLANG_WARN_BLOCK_CAPTURE_AUTORELEASING = YES;
				CLANG_WARN_BOOL_CONVERSION = YES;
				CLANG_WARN_COMMA = YES;
				CLANG_WARN_CONSTANT_CONVERSION = YES;
				CLANG_WARN_DEPRECATED_OBJC_IMPLEMENTATIONS = YES;
				CLANG_WARN_DIRECT_OBJC_ISA_USAGE = YES_ERROR;
				CLANG_WARN_DOCUMENTATION_COMMENTS = YES;
				CLANG_WARN_EMPTY_BODY = YES;
				CLANG_WARN_ENUM_CONVERSION = YES;
				CLANG_WARN_INFINITE_RECURSION = YES;
				CLANG_WARN_INT_CONVERSION = YES;
				CLANG_WARN_NON_LITERAL_NULL_CONVERSION = YES;
				CLANG_WARN_OBJC_IMPLICIT_RETAIN_SELF = YES;
				CLANG_WARN_OBJC_LITERAL_CONVERSION = YES;
				CLANG_WARN_OBJC_ROOT_CLASS = YES_ERROR;
				CLANG_WARN_RANGE_LOOP_ANALYSIS = YES;
				CLANG_WARN_STRICT_PROTOTYPES = YES;
				CLANG_WARN_SUSPICIOUS_MOVE = YES;
				CLANG_WARN_UNGUARDED_AVAILABILITY = YES_AGGRESSIVE;
				CLANG_WARN_UNREACHABLE_CODE = YES;
				CLANG_WARN__DUPLICATE_METHOD_MATCH = YES;
				COPY_PHASE_STRIP = NO;
				DEBUG_INFORMATION_FORMAT = "dwarf-with-dsym";
				ENABLE_NS_ASSERTIONS = NO;
				ENABLE_STRICT_OBJC_MSGSEND = YES;
				GCC_C_LANGUAGE_STANDARD = gnu11;
				GCC_NO_COMMON_BLOCKS = YES;
				GCC_WARN_64_TO_32_BIT_CONVERSION = YES;
				GCC_WARN_ABOUT_RETURN_TYPE = YES_ERROR;
				GCC_WARN_UNDECLARED_SELECTOR = YES;
				GCC_WARN_UNINITIALIZED_AUTOS = YES_AGGRESSIVE;
				GCC_WARN_UNUSED_FUNCTION = YES;
				GCC_WARN_UNUSED_VARIABLE = YES;
				IPHONEOS_DEPLOYMENT_TARGET = 13.5;
				MTL_ENABLE_DEBUG_INFO = NO;
				MTL_FAST_MATH = YES;
				SDKROOT = iphoneos;
				SWIFT_COMPILATION_MODE = wholemodule;
				SWIFT_OPTIMIZATION_LEVEL = "-O";
				VALIDATE_PRODUCT = YES;
			};
			name = Release;
		};
		B5456B9B24A9F86600544C3F /* Debug */ = {
			isa = XCBuildConfiguration;
			buildSettings = {
				ALWAYS_EMBED_SWIFT_STANDARD_LIBRARIES = YES;
				ASSETCATALOG_COMPILER_APPICON_NAME = AppIcon;
				CODE_SIGN_STYLE = Automatic;
				DEVELOPMENT_ASSET_PATHS = "\"Tests/iOS Harness/Preview Content\"";
				DEVELOPMENT_TEAM = YY6CWUX533;
				ENABLE_PREVIEWS = YES;
				INFOPLIST_FILE = "Tests/iOS Harness/Info.plist";
				IPHONEOS_DEPLOYMENT_TARGET = 14.0;
				LD_RUNPATH_SEARCH_PATHS = (
					"$(inherited)",
					"@executable_path/Frameworks",
				);
				PRODUCT_BUNDLE_IDENTIFIER = com.standalone.SwiftVG;
				PRODUCT_NAME = "$(TARGET_NAME)";
				SWIFT_VERSION = 5.0;
				TARGETED_DEVICE_FAMILY = "1,2";
			};
			name = Debug;
		};
		B5456B9C24A9F86600544C3F /* Release */ = {
			isa = XCBuildConfiguration;
			buildSettings = {
				ALWAYS_EMBED_SWIFT_STANDARD_LIBRARIES = YES;
				ASSETCATALOG_COMPILER_APPICON_NAME = AppIcon;
				CODE_SIGN_STYLE = Automatic;
				DEVELOPMENT_ASSET_PATHS = "\"Tests/iOS Harness/Preview Content\"";
				DEVELOPMENT_TEAM = YY6CWUX533;
				ENABLE_PREVIEWS = YES;
				INFOPLIST_FILE = "Tests/iOS Harness/Info.plist";
				IPHONEOS_DEPLOYMENT_TARGET = 14.0;
				LD_RUNPATH_SEARCH_PATHS = (
					"$(inherited)",
					"@executable_path/Frameworks",
				);
				PRODUCT_BUNDLE_IDENTIFIER = com.standalone.SwiftVG;
				PRODUCT_NAME = "$(TARGET_NAME)";
				SWIFT_VERSION = 5.0;
				TARGETED_DEVICE_FAMILY = "1,2";
			};
			name = Release;
		};
		B5456BAD24A9F8C200544C3F /* Debug */ = {
			isa = XCBuildConfiguration;
			buildSettings = {
				CODE_SIGN_STYLE = Automatic;
				CURRENT_PROJECT_VERSION = 1;
				DEFINES_MODULE = YES;
				DEVELOPMENT_TEAM = YY6CWUX533;
				DYLIB_COMPATIBILITY_VERSION = 1;
				DYLIB_CURRENT_VERSION = 1;
				DYLIB_INSTALL_NAME_BASE = "@rpath";
				INFOPLIST_FILE = "Tests/iOS Harness/SwiftVG_iOS/Info.plist";
				INSTALL_PATH = "$(LOCAL_LIBRARY_DIR)/Frameworks";
				LD_RUNPATH_SEARCH_PATHS = (
					"$(inherited)",
					"@executable_path/Frameworks",
					"@loader_path/Frameworks",
				);
				PRODUCT_BUNDLE_IDENTIFIER = com.standalone.swiftVG;
				PRODUCT_MODULE_NAME = SwiftVG;
				PRODUCT_NAME = SwiftVG;
				SKIP_INSTALL = YES;
				SWIFT_VERSION = 5.0;
				TARGETED_DEVICE_FAMILY = "1,2";
				VERSIONING_SYSTEM = "apple-generic";
				VERSION_INFO_PREFIX = "";
			};
			name = Debug;
		};
		B5456BAE24A9F8C200544C3F /* Release */ = {
			isa = XCBuildConfiguration;
			buildSettings = {
				CODE_SIGN_STYLE = Automatic;
				CURRENT_PROJECT_VERSION = 1;
				DEFINES_MODULE = YES;
				DEVELOPMENT_TEAM = YY6CWUX533;
				DYLIB_COMPATIBILITY_VERSION = 1;
				DYLIB_CURRENT_VERSION = 1;
				DYLIB_INSTALL_NAME_BASE = "@rpath";
				INFOPLIST_FILE = "Tests/iOS Harness/SwiftVG_iOS/Info.plist";
				INSTALL_PATH = "$(LOCAL_LIBRARY_DIR)/Frameworks";
				LD_RUNPATH_SEARCH_PATHS = (
					"$(inherited)",
					"@executable_path/Frameworks",
					"@loader_path/Frameworks",
				);
				PRODUCT_BUNDLE_IDENTIFIER = com.standalone.swiftVG;
				PRODUCT_MODULE_NAME = SwiftVG;
				PRODUCT_NAME = SwiftVG;
				SKIP_INSTALL = YES;
				SWIFT_VERSION = 5.0;
				TARGETED_DEVICE_FAMILY = "1,2";
				VERSIONING_SYSTEM = "apple-generic";
				VERSION_INFO_PREFIX = "";
			};
			name = Release;
		};
		B5456C6A24A9FD4B00544C3F /* Debug */ = {
			isa = XCBuildConfiguration;
			buildSettings = {
				ALWAYS_EMBED_SWIFT_STANDARD_LIBRARIES = YES;
				ASSETCATALOG_COMPILER_APPICON_NAME = AppIcon;
				CODE_SIGN_ENTITLEMENTS = "Tests/macOS Harness/SwiftVG_mac_Harness.entitlements";
				CODE_SIGN_STYLE = Automatic;
				COMBINE_HIDPI_IMAGES = YES;
				DEVELOPMENT_ASSET_PATHS = "\"Tests/macOS Harness/Preview Content\"";
				DEVELOPMENT_TEAM = YY6CWUX533;
				ENABLE_HARDENED_RUNTIME = YES;
				ENABLE_PREVIEWS = YES;
				INFOPLIST_FILE = "Tests/macOS Harness/Info.plist";
				LD_RUNPATH_SEARCH_PATHS = (
					"$(inherited)",
					"@executable_path/../Frameworks",
				);
				MACOSX_DEPLOYMENT_TARGET = 10.15;
				PRODUCT_BUNDLE_IDENTIFIER = "com.standalone.SwiftVG-mac-Harness";
				PRODUCT_NAME = "$(TARGET_NAME)";
				SDKROOT = macosx;
				SWIFT_VERSION = 5.0;
			};
			name = Debug;
		};
		B5456C6B24A9FD4B00544C3F /* Release */ = {
			isa = XCBuildConfiguration;
			buildSettings = {
				ALWAYS_EMBED_SWIFT_STANDARD_LIBRARIES = YES;
				ASSETCATALOG_COMPILER_APPICON_NAME = AppIcon;
				CODE_SIGN_ENTITLEMENTS = "Tests/macOS Harness/SwiftVG_mac_Harness.entitlements";
				CODE_SIGN_STYLE = Automatic;
				COMBINE_HIDPI_IMAGES = YES;
				DEVELOPMENT_ASSET_PATHS = "\"Tests/macOS Harness/Preview Content\"";
				DEVELOPMENT_TEAM = YY6CWUX533;
				ENABLE_HARDENED_RUNTIME = YES;
				ENABLE_PREVIEWS = YES;
				INFOPLIST_FILE = "Tests/macOS Harness/Info.plist";
				LD_RUNPATH_SEARCH_PATHS = (
					"$(inherited)",
					"@executable_path/../Frameworks",
				);
				MACOSX_DEPLOYMENT_TARGET = 10.15;
				PRODUCT_BUNDLE_IDENTIFIER = "com.standalone.SwiftVG-mac-Harness";
				PRODUCT_NAME = "$(TARGET_NAME)";
				SDKROOT = macosx;
				SWIFT_VERSION = 5.0;
			};
			name = Release;
		};
		B5456C8324A9FE1300544C3F /* Debug */ = {
			isa = XCBuildConfiguration;
			buildSettings = {
				CODE_SIGN_STYLE = Automatic;
				COMBINE_HIDPI_IMAGES = YES;
				CURRENT_PROJECT_VERSION = 1;
				DEFINES_MODULE = YES;
				DEVELOPMENT_TEAM = YY6CWUX533;
				DYLIB_COMPATIBILITY_VERSION = 1;
				DYLIB_CURRENT_VERSION = 1;
				DYLIB_INSTALL_NAME_BASE = "@rpath";
				INFOPLIST_FILE = "Tests/macOS Harness/SwiftVG_macOS/Info.plist";
				INSTALL_PATH = "$(LOCAL_LIBRARY_DIR)/Frameworks";
				LD_RUNPATH_SEARCH_PATHS = (
					"$(inherited)",
					"@executable_path/../Frameworks",
					"@loader_path/Frameworks",
				);
				MACOSX_DEPLOYMENT_TARGET = 10.15;
				PRODUCT_BUNDLE_IDENTIFIER = com.standalone.swiftvg;
				PRODUCT_NAME = SwiftVG;
				SDKROOT = macosx;
				SKIP_INSTALL = YES;
				SWIFT_VERSION = 5.0;
				VERSIONING_SYSTEM = "apple-generic";
				VERSION_INFO_PREFIX = "";
			};
			name = Debug;
		};
		B5456C8424A9FE1300544C3F /* Release */ = {
			isa = XCBuildConfiguration;
			buildSettings = {
				CODE_SIGN_STYLE = Automatic;
				COMBINE_HIDPI_IMAGES = YES;
				CURRENT_PROJECT_VERSION = 1;
				DEFINES_MODULE = YES;
				DEVELOPMENT_TEAM = YY6CWUX533;
				DYLIB_COMPATIBILITY_VERSION = 1;
				DYLIB_CURRENT_VERSION = 1;
				DYLIB_INSTALL_NAME_BASE = "@rpath";
				INFOPLIST_FILE = "Tests/macOS Harness/SwiftVG_macOS/Info.plist";
				INSTALL_PATH = "$(LOCAL_LIBRARY_DIR)/Frameworks";
				LD_RUNPATH_SEARCH_PATHS = (
					"$(inherited)",
					"@executable_path/../Frameworks",
					"@loader_path/Frameworks",
				);
				MACOSX_DEPLOYMENT_TARGET = 10.15;
				PRODUCT_BUNDLE_IDENTIFIER = com.standalone.swiftvg;
				PRODUCT_NAME = SwiftVG;
				SDKROOT = macosx;
				SKIP_INSTALL = YES;
				SWIFT_VERSION = 5.0;
				VERSIONING_SYSTEM = "apple-generic";
				VERSION_INFO_PREFIX = "";
			};
			name = Release;
		};
/* End XCBuildConfiguration section */

/* Begin XCConfigurationList section */
		B5456B8124A9F86400544C3F /* Build configuration list for PBXProject "SwiftVG" */ = {
			isa = XCConfigurationList;
			buildConfigurations = (
				B5456B9824A9F86600544C3F /* Debug */,
				B5456B9924A9F86600544C3F /* Release */,
			);
			defaultConfigurationIsVisible = 0;
			defaultConfigurationName = Release;
		};
		B5456B9A24A9F86600544C3F /* Build configuration list for PBXNativeTarget "SwiftVG_iOS_Harness" */ = {
			isa = XCConfigurationList;
			buildConfigurations = (
				B5456B9B24A9F86600544C3F /* Debug */,
				B5456B9C24A9F86600544C3F /* Release */,
			);
			defaultConfigurationIsVisible = 0;
			defaultConfigurationName = Release;
		};
		B5456BAC24A9F8C200544C3F /* Build configuration list for PBXNativeTarget "SwiftVG_iOS" */ = {
			isa = XCConfigurationList;
			buildConfigurations = (
				B5456BAD24A9F8C200544C3F /* Debug */,
				B5456BAE24A9F8C200544C3F /* Release */,
			);
			defaultConfigurationIsVisible = 0;
			defaultConfigurationName = Release;
		};
		B5456C6924A9FD4B00544C3F /* Build configuration list for PBXNativeTarget "SwiftVG_mac_Harness" */ = {
			isa = XCConfigurationList;
			buildConfigurations = (
				B5456C6A24A9FD4B00544C3F /* Debug */,
				B5456C6B24A9FD4B00544C3F /* Release */,
			);
			defaultConfigurationIsVisible = 0;
			defaultConfigurationName = Release;
		};
		B5456C8224A9FE1300544C3F /* Build configuration list for PBXNativeTarget "SwiftVG_macOS" */ = {
			isa = XCConfigurationList;
			buildConfigurations = (
				B5456C8324A9FE1300544C3F /* Debug */,
				B5456C8424A9FE1300544C3F /* Release */,
			);
			defaultConfigurationIsVisible = 0;
			defaultConfigurationName = Release;
		};
/* End XCConfigurationList section */

/* Begin XCRemoteSwiftPackageReference section */
		B5456BF724A9F93F00544C3F /* XCRemoteSwiftPackageReference "Suite" */ = {
			isa = XCRemoteSwiftPackageReference;
			repositoryURL = "https://github.com/bengottlieb/Suite.git";
			requirement = {
				kind = upToNextMajorVersion;
				minimumVersion = 0.9.48;
			};
		};
/* End XCRemoteSwiftPackageReference section */

/* Begin XCSwiftPackageProductDependency section */
		B5456BFB24A9F96B00544C3F /* Suite */ = {
			isa = XCSwiftPackageProductDependency;
			package = B5456BF724A9F93F00544C3F /* XCRemoteSwiftPackageReference "Suite" */;
			productName = Suite;
		};
		B5456CA624A9FE9600544C3F /* Suite */ = {
			isa = XCSwiftPackageProductDependency;
			package = B5456BF724A9F93F00544C3F /* XCRemoteSwiftPackageReference "Suite" */;
			productName = Suite;
		};
/* End XCSwiftPackageProductDependency section */
	};
	rootObject = B5456B7E24A9F86400544C3F /* Project object */;
}
